# This file is autogenerated, do not edit; changes may be undone by the next 'dep ensure'.


[[projects]]
  branch = "master"
  digest = "1:057aee12ac2f820c94b04da39a3ebcd865bee3bdda697ee0e6bbf75e00476b5f"
  name = "github.com/btcsuite/btcd"
  packages = ["btcec"]
  pruneopts = ""
  revision = "ed77733ec07dfc8a513741138419b8d9d3de9d2d"

[[projects]]
  digest = "1:57b4616ca3d02b2abfb773e5bed848c6611cd028c49eb0e4c40df5d57bac10e0"
  name = "github.com/ericlagergren/decimal"
  packages = [
    ".",
    "internal/arith",
    "internal/arith/checked",
    "internal/c",
  ]
  pruneopts = ""
  revision = "73749d4874d5d3efba704f6046eae0517f998f4e"
  version = "v3.3.1"

[[projects]]
  digest = "1:141cc9fc6279592458b304038bd16a05ef477d125c6dad281216345a11746fd7"
  name = "github.com/gofrs/uuid"
  packages = ["."]
  pruneopts = ""
  revision = "6b08a5c5172ba18946672b49749cde22873dd7c2"
  version = "v3.2.0"

[[projects]]
  digest = "1:7655ff1576ddf91cb9ed121a1a0d808d2c153cedfec644e4167bb3d68cfd04b7"
  name = "github.com/oneiro-ndev/metanode"
  packages = ["pkg/meta/transaction"]
  pruneopts = ""
  revision = "10b2cd1c04082d703bbe71475bec29af277d348c"
  version = "v0.12.3"

[[projects]]
  digest = "1:4c2c0c22a5a0eda2fcaf0f2dafeb16d94023d1da8627d8a8bf802f900eae8c55"
  name = "github.com/oneiro-ndev/ndaumath"
  packages = [
    "pkg/address",
    "pkg/b32",
    "pkg/bip32",
    "pkg/constants",
    "pkg/ndauerr",
    "pkg/signature",
    "pkg/signature/algorithms/ed25519",
    "pkg/signature/algorithms/null",
    "pkg/signature/algorithms/secp256k1",
    "pkg/signed",
    "pkg/types",
  ]
  pruneopts = ""
  revision = "50ca2c32e2dd7051504e5efd4c94075cf1bd2a44"
  version = "v0.10.0"

[[projects]]
  digest = "1:210286d0cb60ffe28f1ca00b664029e8943009f95d06d8f8c336301b28e1aee5"
  name = "github.com/philhofer/fwd"
  packages = ["."]
  pruneopts = ""
  revision = "bb6d471dc95d4fe11e432687f8b70ff496cf3136"
  version = "v1.0.0"

[[projects]]
  digest = "1:1d7e1867c49a6dd9856598ef7c3123604ea3daabf5b83f303ff457bcbc410b1d"
  name = "github.com/pkg/errors"
  packages = ["."]
  pruneopts = ""
  revision = "ba968bfe8b2f7e042a574c888954fccecfa385b4"
  version = "v0.8.1"

[[projects]]
  branch = "master"
  digest = "1:e8ba1ad18941b86ab63c33ad0e1def6ff47f6d9b55e59b5c88978c6d22667fc0"
  name = "github.com/sigurn/crc16"
  packages = ["."]
  pruneopts = ""
  revision = "da416fad5162ac0f3338ba24dccdb26e4da22485"

[[projects]]
  branch = "master"
  digest = "1:52ed74cbf4d1bb1975642c817ec91b221c8963fa599885319407bf468431851d"
  name = "github.com/sigurn/utils"
  packages = ["."]
  pruneopts = ""
  revision = "f19e41f79f8f006116f682c1af454591bc278ad4"

[[projects]]
  digest = "1:23ed2a28cfc147d46f7fbf4d85f83f6d659e15eac4ad1c16c4d32b19da5bd2fa"
  name = "github.com/tinylib/msgp"
  packages = ["msgp"]
  pruneopts = ""
  revision = "af6442a0fcf6e2a1b824f70dd0c734f01e817751"
  version = "v1.1.0"

[[projects]]
  branch = "master"
  digest = "1:cbc1ebc01ec2ceb2c3cc7b9e33357dbc3eff173335f02d9f01603f14102602a7"
  name = "golang.org/x/crypto"
  packages = [
    "ed25519",
    "ed25519/internal/edwards25519",
  ]
  pruneopts = ""
  revision = "b8fe1690c61389d7d2a8074a507d1d40c5d30448"

[[projects]]
  branch = "master"
  digest = "1:ae28eebfd9155fbdbdb5d878771f95bc0aa70b58817a8b90f43a7cfcedc262f0"
  name = "golang.org/x/tools"
  packages = ["go/ast/astutil"]
  pruneopts = ""
  revision = "379209517ffe9b1ca12ec8db6abe90d4a6605675"

[solve-meta]
  analyzer-name = "dep"
  analyzer-version = 1
  input-imports = [
    "github.com/oneiro-ndev/metanode/pkg/meta/transaction",
    "github.com/oneiro-ndev/ndaumath/pkg/address",
    "github.com/oneiro-ndev/ndaumath/pkg/signature",
    "github.com/oneiro-ndev/ndaumath/pkg/types",
    "github.com/pkg/errors",
    "golang.org/x/tools/go/ast/astutil",
  ]
  solver-name = "gps-cdcl"
  solver-version = 1
